Microsoft Visual Studio Solution File, Format Version 12.00
# Visual Studio Version 17
VisualStudioVersion = 17.5.2.0
MinimumVisualStudioVersion = 10.0.40219.1
Project("{2150E333-8FDC-42A3-9474-1A3956D46DE8}") = "src", "src", "{827E0CD3-B72D-47B6-A68D-7590B98EB39B}"
EndProject
Project("{2150E333-8FDC-42A3-9474-1A3956D46DE8}") = "Demo001_LightPluginDemo", "Demo001_LightPluginDemo", "{F1A1E001-9D5B-CCEC-CFC9-C749911D9571}"
EndProject
Project("{FAE04EC0-301F-11D3-BF4B-00C04F79EFBC}") = "LightPluginDemo", "src/Demo001_LightPluginDemo/c#/LightPluginDemo.csproj", "{94EF3A12-9D5B-CCEC-CFC9-C749911D9571}"
EndProject
Project("{2150E333-8FDC-42A3-9474-1A3956D46DE8}") = "Demo002_BuiltIn", "Demo002_BuiltIn", "{F09F3C45-AD9B-08B0-1092-F884B6D6A5B5}"
EndProject
Project("{FAE04EC0-301F-11D3-BF4B-00C04F79EFBC}") = "GoogleTextSearch", "src/Demo002_BuiltIn/GoogleTextSearch/GoogleTextSearch.csproj", "{1111A415-4546-4152-878C-67F3D91C6B3D}"
EndProject
Project("{2150E333-8FDC-42A3-9474-1A3956D46DE8}") = "Demo003_AgenticRAG", "Demo003_AgenticRAG", "{0DB584CE-F8CD-9D0B-D34F-A577A9970D35}"
EndProject
Project("{FAE04EC0-301F-11D3-BF4B-00C04F79EFBC}") = "RecipeGuide", "src/Demo003_AgenticRAG/RecipeGuide/RecipeGuide.csproj", "{A1F95976-8FBA-46EA-9543-B1E3A7D89D34}"
EndProject
Project("{2150E333-8FDC-42A3-9474-1A3956D46DE8}") = "Demo004_MCP", "Demo004_MCP", "{4E34AFD5-A3DE-DD94-2E84-EF984C4B0A0F}"
EndProject
Project("{2150E333-8FDC-42A3-9474-1A3956D46DE8}") = "MCPClientServer", "MCPClientServer", "{925082F3-7CA6-23F9-3EDA-05F95E1F4D89}"
EndProject
Project("{FAE04EC0-301F-11D3-BF4B-00C04F79EFBC}") = "MCPClient", "src/Demo004_MCP/MCPClientServer/MCPClient/MCPClient.csproj", "{CF42002C-4E7A-4A48-9913-612A22DB490D}"
EndProject
Project("{FAE04EC0-301F-11D3-BF4B-00C04F79EFBC}") = "MCPServer", "src/Demo004_MCP/MCPClientServer/MCPServer/MCPServer.csproj", "{3FEA1801-9F6A-4022-9394-B12A1DFDF13F}"
EndProject
Project("{FAE04EC0-301F-11D3-BF4B-00C04F79EFBC}") = "GitHubMCPAgent", "src/Demo004_MCP/GitHubMCPAgent/GitHubMCPAgent.csproj", "{95DA2E68-F2DD-4BF3-85F1-19A3E86E45BE}"
EndProject
Project("{2150E333-8FDC-42A3-9474-1A3956D46DE8}") = "Demo005_Multi-Agent_Orchestration", "Demo005_Multi-Agent_Orchestration", "{4BE636DE-0556-68CA-43F8-715EDB1ECAD5}"
EndProject
Project("{FAE04EC0-301F-11D3-BF4B-00C04F79EFBC}") = "AgentsAsPlugins", "src/Demo005_Multi-Agent_Orchestration/AgentsAsPlugins/AgentsAsPlugins.csproj", "{97A1096E-B7CA-4117-890E-F032D5E59EEF}"
EndProject
Project("{FAE04EC0-301F-11D3-BF4B-00C04F79EFBC}") = "MultiAgentChat", "src/Demo005_Multi-Agent_Orchestration/MultiAgentChat/MultiAgentChat.csproj", "{3B33123E-A574-42D1-8EF2-E1BF2CE6EADD}"
EndProject
Project("{FAE04EC0-301F-11D3-BF4B-00C04F79EFBC}") = "CoderTeamMCP", "src\Demo004_MCP\CoderTeamMCP\CoderTeamMCP.csproj", "{853F1FAD-2BCD-4DE7-BB32-2150B3F85806}"
EndProject
Global
	GlobalSection(SolutionConfigurationPlatforms) = preSolution
		Debug|Any CPU = Debug|Any CPU
		Debug|x64 = Debug|x64
		Debug|x86 = Debug|x86
		Release|Any CPU = Release|Any CPU
		Release|x64 = Release|x64
		Release|x86 = Release|x86
	EndGlobalSection
	GlobalSection(ProjectConfigurationPlatforms) = postSolution
		{94EF3A12-9D5B-CCEC-CFC9-C749911D9571}.Debug|Any CPU.ActiveCfg = Debug|Any CPU
		{94EF3A12-9D5B-CCEC-CFC9-C749911D9571}.Debug|Any CPU.Build.0 = Debug|Any CPU
		{94EF3A12-9D5B-CCEC-CFC9-C749911D9571}.Debug|x64.ActiveCfg = Debug|Any CPU
		{94EF3A12-9D5B-CCEC-CFC9-C749911D9571}.Debug|x64.Build.0 = Debug|Any CPU
		{94EF3A12-9D5B-CCEC-CFC9-C749911D9571}.Debug|x86.ActiveCfg = Debug|Any CPU
		{94EF3A12-9D5B-CCEC-CFC9-C749911D9571}.Debug|x86.Build.0 = Debug|Any CPU
		{94EF3A12-9D5B-CCEC-CFC9-C749911D9571}.Release|Any CPU.ActiveCfg = Release|Any CPU
		{94EF3A12-9D5B-CCEC-CFC9-C749911D9571}.Release|Any CPU.Build.0 = Release|Any CPU
		{94EF3A12-9D5B-CCEC-CFC9-C749911D9571}.Release|x64.ActiveCfg = Release|Any CPU
		{94EF3A12-9D5B-CCEC-CFC9-C749911D9571}.Release|x64.Build.0 = Release|Any CPU
		{94EF3A12-9D5B-CCEC-CFC9-C749911D9571}.Release|x86.ActiveCfg = Release|Any CPU
		{94EF3A12-9D5B-CCEC-CFC9-C749911D9571}.Release|x86.Build.0 = Release|Any CPU
		{1111A415-4546-4152-878C-67F3D91C6B3D}.Debug|Any CPU.ActiveCfg = Debug|Any CPU
		{1111A415-4546-4152-878C-67F3D91C6B3D}.Debug|Any CPU.Build.0 = Debug|Any CPU
		{1111A415-4546-4152-878C-67F3D91C6B3D}.Debug|x64.ActiveCfg = Debug|Any CPU
		{1111A415-4546-4152-878C-67F3D91C6B3D}.Debug|x64.Build.0 = Debug|Any CPU
		{1111A415-4546-4152-878C-67F3D91C6B3D}.Debug|x86.ActiveCfg = Debug|Any CPU
		{1111A415-4546-4152-878C-67F3D91C6B3D}.Debug|x86.Build.0 = Debug|Any CPU
		{1111A415-4546-4152-878C-67F3D91C6B3D}.Release|Any CPU.ActiveCfg = Release|Any CPU
		{1111A415-4546-4152-878C-67F3D91C6B3D}.Release|Any CPU.Build.0 = Release|Any CPU
		{1111A415-4546-4152-878C-67F3D91C6B3D}.Release|x64.ActiveCfg = Release|Any CPU
		{1111A415-4546-4152-878C-67F3D91C6B3D}.Release|x64.Build.0 = Release|Any CPU
		{1111A415-4546-4152-878C-67F3D91C6B3D}.Release|x86.ActiveCfg = Release|Any CPU
		{1111A415-4546-4152-878C-67F3D91C6B3D}.Release|x86.Build.0 = Release|Any CPU
		{A1F95976-8FBA-46EA-9543-B1E3A7D89D34}.Debug|Any CPU.ActiveCfg = Debug|Any CPU
		{A1F95976-8FBA-46EA-9543-B1E3A7D89D34}.Debug|Any CPU.Build.0 = Debug|Any CPU
		{A1F95976-8FBA-46EA-9543-B1E3A7D89D34}.Debug|x64.ActiveCfg = Debug|Any CPU
		{A1F95976-8FBA-46EA-9543-B1E3A7D89D34}.Debug|x64.Build.0 = Debug|Any CPU
		{A1F95976-8FBA-46EA-9543-B1E3A7D89D34}.Debug|x86.ActiveCfg = Debug|Any CPU
		{A1F95976-8FBA-46EA-9543-B1E3A7D89D34}.Debug|x86.Build.0 = Debug|Any CPU
		{A1F95976-8FBA-46EA-9543-B1E3A7D89D34}.Release|Any CPU.ActiveCfg = Release|Any CPU
		{A1F95976-8FBA-46EA-9543-B1E3A7D89D34}.Release|Any CPU.Build.0 = Release|Any CPU
		{A1F95976-8FBA-46EA-9543-B1E3A7D89D34}.Release|x64.ActiveCfg = Release|Any CPU
		{A1F95976-8FBA-46EA-9543-B1E3A7D89D34}.Release|x64.Build.0 = Release|Any CPU
		{A1F95976-8FBA-46EA-9543-B1E3A7D89D34}.Release|x86.ActiveCfg = Release|Any CPU
		{A1F95976-8FBA-46EA-9543-B1E3A7D89D34}.Release|x86.Build.0 = Release|Any CPU
		{CF42002C-4E7A-4A48-9913-612A22DB490D}.Debug|Any CPU.ActiveCfg = Debug|Any CPU
		{CF42002C-4E7A-4A48-9913-612A22DB490D}.Debug|Any CPU.Build.0 = Debug|Any CPU
		{CF42002C-4E7A-4A48-9913-612A22DB490D}.Debug|x64.ActiveCfg = Debug|Any CPU
		{CF42002C-4E7A-4A48-9913-612A22DB490D}.Debug|x64.Build.0 = Debug|Any CPU
		{CF42002C-4E7A-4A48-9913-612A22DB490D}.Debug|x86.ActiveCfg = Debug|Any CPU
		{CF42002C-4E7A-4A48-9913-612A22DB490D}.Debug|x86.Build.0 = Debug|Any CPU
		{CF42002C-4E7A-4A48-9913-612A22DB490D}.Release|Any CPU.ActiveCfg = Release|Any CPU
		{CF42002C-4E7A-4A48-9913-612A22DB490D}.Release|Any CPU.Build.0 = Release|Any CPU
		{CF42002C-4E7A-4A48-9913-612A22DB490D}.Release|x64.ActiveCfg = Release|Any CPU
		{CF42002C-4E7A-4A48-9913-612A22DB490D}.Release|x64.Build.0 = Release|Any CPU
		{CF42002C-4E7A-4A48-9913-612A22DB490D}.Release|x86.ActiveCfg = Release|Any CPU
		{CF42002C-4E7A-4A48-9913-612A22DB490D}.Release|x86.Build.0 = Release|Any CPU
		{3FEA1801-9F6A-4022-9394-B12A1DFDF13F}.Debug|Any CPU.ActiveCfg = Debug|Any CPU
		{3FEA1801-9F6A-4022-9394-B12A1DFDF13F}.Debug|Any CPU.Build.0 = Debug|Any CPU
		{3FEA1801-9F6A-4022-9394-B12A1DFDF13F}.Debug|x64.ActiveCfg = Debug|Any CPU
		{3FEA1801-9F6A-4022-9394-B12A1DFDF13F}.Debug|x64.Build.0 = Debug|Any CPU
		{3FEA1801-9F6A-4022-9394-B12A1DFDF13F}.Debug|x86.ActiveCfg = Debug|Any CPU
		{3FEA1801-9F6A-4022-9394-B12A1DFDF13F}.Debug|x86.Build.0 = Debug|Any CPU
		{3FEA1801-9F6A-4022-9394-B12A1DFDF13F}.Release|Any CPU.ActiveCfg = Release|Any CPU
		{3FEA1801-9F6A-4022-9394-B12A1DFDF13F}.Release|Any CPU.Build.0 = Release|Any CPU
		{3FEA1801-9F6A-4022-9394-B12A1DFDF13F}.Release|x64.ActiveCfg = Release|Any CPU
		{3FEA1801-9F6A-4022-9394-B12A1DFDF13F}.Release|x64.Build.0 = Release|Any CPU
		{3FEA1801-9F6A-4022-9394-B12A1DFDF13F}.Release|x86.ActiveCfg = Release|Any CPU
		{3FEA1801-9F6A-4022-9394-B12A1DFDF13F}.Release|x86.Build.0 = Release|Any CPU
		{95DA2E68-F2DD-4BF3-85F1-19A3E86E45BE}.Debug|Any CPU.ActiveCfg = Debug|Any CPU
		{95DA2E68-F2DD-4BF3-85F1-19A3E86E45BE}.Debug|Any CPU.Build.0 = Debug|Any CPU
		{95DA2E68-F2DD-4BF3-85F1-19A3E86E45BE}.Debug|x64.ActiveCfg = Debug|Any CPU
		{95DA2E68-F2DD-4BF3-85F1-19A3E86E45BE}.Debug|x64.Build.0 = Debug|Any CPU
		{95DA2E68-F2DD-4BF3-85F1-19A3E86E45BE}.Debug|x86.ActiveCfg = Debug|Any CPU
		{95DA2E68-F2DD-4BF3-85F1-19A3E86E45BE}.Debug|x86.Build.0 = Debug|Any CPU
		{95DA2E68-F2DD-4BF3-85F1-19A3E86E45BE}.Release|Any CPU.ActiveCfg = Release|Any CPU
		{95DA2E68-F2DD-4BF3-85F1-19A3E86E45BE}.Release|Any CPU.Build.0 = Release|Any CPU
		{95DA2E68-F2DD-4BF3-85F1-19A3E86E45BE}.Release|x64.ActiveCfg = Release|Any CPU
		{95DA2E68-F2DD-4BF3-85F1-19A3E86E45BE}.Release|x64.Build.0 = Release|Any CPU
		{95DA2E68-F2DD-4BF3-85F1-19A3E86E45BE}.Release|x86.ActiveCfg = Release|Any CPU
		{95DA2E68-F2DD-4BF3-85F1-19A3E86E45BE}.Release|x86.Build.0 = Release|Any CPU
		{97A1096E-B7CA-4117-890E-F032D5E59EEF}.Debug|Any CPU.ActiveCfg = Debug|Any CPU
		{97A1096E-B7CA-4117-890E-F032D5E59EEF}.Debug|Any CPU.Build.0 = Debug|Any CPU
		{97A1096E-B7CA-4117-890E-F032D5E59EEF}.Debug|x64.ActiveCfg = Debug|Any CPU
		{97A1096E-B7CA-4117-890E-F032D5E59EEF}.Debug|x64.Build.0 = Debug|Any CPU
		{97A1096E-B7CA-4117-890E-F032D5E59EEF}.Debug|x86.ActiveCfg = Debug|Any CPU
		{97A1096E-B7CA-4117-890E-F032D5E59EEF}.Debug|x86.Build.0 = Debug|Any CPU
		{97A1096E-B7CA-4117-890E-F032D5E59EEF}.Release|Any CPU.ActiveCfg = Release|Any CPU
		{97A1096E-B7CA-4117-890E-F032D5E59EEF}.Release|Any CPU.Build.0 = Release|Any CPU
		{97A1096E-B7CA-4117-890E-F032D5E59EEF}.Release|x64.ActiveCfg = Release|Any CPU
		{97A1096E-B7CA-4117-890E-F032D5E59EEF}.Release|x64.Build.0 = Release|Any CPU
		{97A1096E-B7CA-4117-890E-F032D5E59EEF}.Release|x86.ActiveCfg = Release|Any CPU
		{97A1096E-B7CA-4117-890E-F032D5E59EEF}.Release|x86.Build.0 = Release|Any CPU
		{3B33123E-A574-42D1-8EF2-E1BF2CE6EADD}.Debug|Any CPU.ActiveCfg = Debug|Any CPU
		{3B33123E-A574-42D1-8EF2-E1BF2CE6EADD}.Debug|Any CPU.Build.0 = Debug|Any CPU
		{3B33123E-A574-42D1-8EF2-E1BF2CE6EADD}.Debug|x64.ActiveCfg = Debug|Any CPU
		{3B33123E-A574-42D1-8EF2-E1BF2CE6EADD}.Debug|x64.Build.0 = Debug|Any CPU
		{3B33123E-A574-42D1-8EF2-E1BF2CE6EADD}.Debug|x86.ActiveCfg = Debug|Any CPU
		{3B33123E-A574-42D1-8EF2-E1BF2CE6EADD}.Debug|x86.Build.0 = Debug|Any CPU
		{3B33123E-A574-42D1-8EF2-E1BF2CE6EADD}.Release|Any CPU.ActiveCfg = Release|Any CPU
		{3B33123E-A574-42D1-8EF2-E1BF2CE6EADD}.Release|Any CPU.Build.0 = Release|Any CPU
		{3B33123E-A574-42D1-8EF2-E1BF2CE6EADD}.Release|x64.ActiveCfg = Release|Any CPU
		{3B33123E-A574-42D1-8EF2-E1BF2CE6EADD}.Release|x64.Build.0 = Release|Any CPU
		{3B33123E-A574-42D1-8EF2-E1BF2CE6EADD}.Release|x86.ActiveCfg = Release|Any CPU
		{3B33123E-A574-42D1-8EF2-E1BF2CE6EADD}.Release|x86.Build.0 = Release|Any CPU
		{853F1FAD-2BCD-4DE7-BB32-2150B3F85806}.Debug|Any CPU.ActiveCfg = Debug|Any CPU
		{853F1FAD-2BCD-4DE7-BB32-2150B3F85806}.Debug|Any CPU.Build.0 = Debug|Any CPU
		{853F1FAD-2BCD-4DE7-BB32-2150B3F85806}.Debug|x64.ActiveCfg = Debug|Any CPU
		{853F1FAD-2BCD-4DE7-BB32-2150B3F85806}.Debug|x64.Build.0 = Debug|Any CPU
		{853F1FAD-2BCD-4DE7-BB32-2150B3F85806}.Debug|x86.ActiveCfg = Debug|Any CPU
		{853F1FAD-2BCD-4DE7-BB32-2150B3F85806}.Debug|x86.Build.0 = Debug|Any CPU
		{853F1FAD-2BCD-4DE7-BB32-2150B3F85806}.Release|Any CPU.ActiveCfg = Release|Any CPU
		{853F1FAD-2BCD-4DE7-BB32-2150B3F85806}.Release|Any CPU.Build.0 = Release|Any CPU
		{853F1FAD-2BCD-4DE7-BB32-2150B3F85806}.Release|x64.ActiveCfg = Release|Any CPU
		{853F1FAD-2BCD-4DE7-BB32-2150B3F85806}.Release|x64.Build.0 = Release|Any CPU
		{853F1FAD-2BCD-4DE7-BB32-2150B3F85806}.Release|x86.ActiveCfg = Release|Any CPU
		{853F1FAD-2BCD-4DE7-BB32-2150B3F85806}.Release|x86.Build.0 = Release|Any CPU
	EndGlobalSection
	GlobalSection(SolutionProperties) = preSolution
		HideSolutionNode = FALSE
	EndGlobalSection
	GlobalSection(NestedProjects) = preSolution
		{F1A1E001-9D5B-CCEC-CFC9-C749911D9571} = {827E0CD3-B72D-47B6-A68D-7590B98EB39B}
		{94EF3A12-9D5B-CCEC-CFC9-C749911D9571} = {F1A1E001-9D5B-CCEC-CFC9-C749911D9571}
		{F09F3C45-AD9B-08B0-1092-F884B6D6A5B5} = {827E0CD3-B72D-47B6-A68D-7590B98EB39B}
		{1111A415-4546-4152-878C-67F3D91C6B3D} = {F09F3C45-AD9B-08B0-1092-F884B6D6A5B5}
		{0DB584CE-F8CD-9D0B-D34F-A577A9970D35} = {827E0CD3-B72D-47B6-A68D-7590B98EB39B}
		{A1F95976-8FBA-46EA-9543-B1E3A7D89D34} = {0DB584CE-F8CD-9D0B-D34F-A577A9970D35}
		{4E34AFD5-A3DE-DD94-2E84-EF984C4B0A0F} = {827E0CD3-B72D-47B6-A68D-7590B98EB39B}
		{925082F3-7CA6-23F9-3EDA-05F95E1F4D89} = {4E34AFD5-A3DE-DD94-2E84-EF984C4B0A0F}
		{CF42002C-4E7A-4A48-9913-612A22DB490D} = {925082F3-7CA6-23F9-3EDA-05F95E1F4D89}
		{3FEA1801-9F6A-4022-9394-B12A1DFDF13F} = {925082F3-7CA6-23F9-3EDA-05F95E1F4D89}
		{95DA2E68-F2DD-4BF3-85F1-19A3E86E45BE} = {4E34AFD5-A3DE-DD94-2E84-EF984C4B0A0F}
		{4BE636DE-0556-68CA-43F8-715EDB1ECAD5} = {827E0CD3-B72D-47B6-A68D-7590B98EB39B}
		{97A1096E-B7CA-4117-890E-F032D5E59EEF} = {4BE636DE-0556-68CA-43F8-715EDB1ECAD5}
		{3B33123E-A574-42D1-8EF2-E1BF2CE6EADD} = {4BE636DE-0556-68CA-43F8-715EDB1ECAD5}
		{853F1FAD-2BCD-4DE7-BB32-2150B3F85806} = {4E34AFD5-A3DE-DD94-2E84-EF984C4B0A0F}
	EndGlobalSection
	GlobalSection(ExtensibilityGlobals) = postSolution
		SolutionGuid = {5EE149D2-F2C6-4A54-BBBB-CE0CC1FA0763}
	EndGlobalSection
EndGlobal
