Microsoft Visual Studio Solution File, Format Version 12.00
# Visual Studio Version 17
VisualStudioVersion = 17.5.2.0
MinimumVisualStudioVersion = 10.0.40219.1
Project("{FAE04EC0-301F-11D3-BF4B-00C04F79EFBC}") = "LightPluginDemo", "src\LightPluginDemo\LightPluginDemo.csproj", "{94EF3A12-9D5B-CCEC-CFC9-C749911D9571}"
EndProject
Global
	GlobalSection(SolutionConfigurationPlatforms) = preSolution
		Debug|Any CPU = Debug|Any CPU
		Release|Any CPU = Release|Any CPU
	EndGlobalSection
	GlobalSection(ProjectConfigurationPlatforms) = postSolution
		{94EF3A12-9D5B-CCEC-CFC9-C749911D9571}.Debug|Any CPU.ActiveCfg = Debug|Any CPU
		{94EF3A12-9D5B-CCEC-CFC9-C749911D9571}.Debug|Any CPU.Build.0 = Debug|Any CPU
		{94EF3A12-9D5B-CCEC-CFC9-C749911D9571}.Release|Any CPU.ActiveCfg = Release|Any CPU
		{94EF3A12-9D5B-CCEC-CFC9-C749911D9571}.Release|Any CPU.Build.0 = Release|Any CPU
	EndGlobalSection
	GlobalSection(SolutionProperties) = preSolution
		HideSolutionNode = FALSE
	EndGlobalSection
	GlobalSection(NestedProjects) = preSolution
		{94EF3A12-9D5B-CCEC-CFC9-C749911D9571} = {827E0CD3-B72D-47B6-A68D-7590B98EB39B}
	EndGlobalSection
	GlobalSection(ExtensibilityGlobals) = postSolution
		SolutionGuid = {5EE149D2-F2C6-4A54-BBBB-CE0CC1FA0763}
	EndGlobalSection
EndGlobal
